PODS:
  - TPFoundation (1.0.4):
    - TPFoundation/Base (= 1.0.4)
    - TPFoundation/Category (= 1.0.4)
    - TPFoundation/Utils (= 1.0.4)
  - TPFoundation/Base (1.0.4)
  - TPFoundation/Category (1.0.4):
    - TPFoundation/Base
  - TPFoundation/Utils (1.0.4):
    - TPFoundation/Base
    - TPFoundation/Category

DEPENDENCIES:
  - TPFoundation (from `../`)

EXTERNAL SOURCES:
  TPFoundation:
    :path: "../"

SPEC CHECKSUMS:
  TPFoundation: d34fbaadcf101c3019461bd74eeab4473c1b05df

PODFILE CHECKSUM: 767ef0b4c6090c45d0607c0088f2407b37b62998

COCOAPODS: 1.10.1
